
Microsoft Visual Studio Solution File, Format Version 12.00
# Visual Studio Version 17
VisualStudioVersion = 17.6.33712.159
MinimumVisualStudioVersion = 10.0.40219.1
Project("{FAE04EC0-301F-11D3-BF4B-00C04F79EFBC}") = "NumTrainer", "NumTrainer\NumTrainer.csproj", "{28BAE73C-7E08-47CB-A2EA-312E27A0AF70}"
EndProject
Global
	GlobalSection(SolutionConfigurationPlatforms) = preSolution
		Debug|Any CPU = Debug|Any CPU
		Release|Any CPU = Release|Any CPU
	EndGlobalSection
	GlobalSection(ProjectConfigurationPlatforms) = postSolution
		{28BAE73C-7E08-47CB-A2EA-312E27A0AF70}.Debug|Any CPU.ActiveCfg = Debug|Any CPU
		{28BAE73C-7E08-47CB-A2EA-312E27A0AF70}.Debug|Any CPU.Build.0 = Debug|Any CPU
		{28BAE73C-7E08-47CB-A2EA-312E27A0AF70}.Release|Any CPU.ActiveCfg = Release|Any CPU
		{28BAE73C-7E08-47CB-A2EA-312E27A0AF70}.Release|Any CPU.Build.0 = Release|Any CPU
	EndGlobalSection
	GlobalSection(SolutionProperties) = preSolution
		HideSolutionNode = FALSE
	EndGlobalSection
	GlobalSection(ExtensibilityGlobals) = postSolution
		SolutionGuid = {D90D57C5-F261-494D-A7DB-30FA3CC45A03}
	EndGlobalSection
EndGlobal
